
Microsoft Visual Studio Solution File, Format Version 12.00
Project("{9A19103F-16F7-4668-BE54-9A1E7A4F7556}") = "Book", "Book\Book.csproj", "{67F9D3A8-F71E-4428-913F-C37AE82CDB24}"
EndProject
Project("{9A19103F-16F7-4668-BE54-9A1E7A4F7556}") = "Directmedia", "Directmedia\Directmedia.csproj", "{A3D31D79-6A6B-4751-9642-66623661D2B3}"
EndProject
Project("{9A19103F-16F7-4668-BE54-9A1E7A4F7556}") = "Directmedia.Test", "Directmedia.Test\Directmedia.Test.csproj", "{3980D8AD-A144-4C26-B3EB-78C90380A0BB}"
EndProject
Project("{9A19103F-16F7-4668-BE54-9A1E7A4F7556}") = "Duden", "Duden\Duden.csproj", "{010F4A09-D8D2-4E3E-AE38-268C7A8A9F31}"
EndProject
Project("{9A19103F-16F7-4668-BE54-9A1E7A4F7556}") = "Duden.Test", "Duden.Test\Duden.Test.csproj", "{AE15724C-99CD-4BFD-929C-9A90911B6890}"
EndProject
Project("{FAE04EC0-301F-11D3-BF4B-00C04F79EFBC}") = "Epub", "Epub\Epub.csproj", "{530A0AD7-87FF-42AD-ABC2-0024024B7ABC}"
EndProject
Project("{FAE04EC0-301F-11D3-BF4B-00C04F79EFBC}") = "Epub.Test", "Epub.Test\Epub.Test.csproj", "{BD3FD272-2C32-444D-B7EB-3BA9BFDA68F7}"
EndProject
Project("{9A19103F-16F7-4668-BE54-9A1E7A4F7556}") = "Lyread", "Lyread\Lyread\Lyread.csproj", "{E60B0436-A056-4BEE-BDC9-F708DD79071B}"
EndProject
Project("{FAE04EC0-301F-11D3-BF4B-00C04F79EFBC}") = "Lyread.Android", "Lyread\Lyread.Android\Lyread.Android.csproj", "{57C54AF6-67C6-4627-9210-C830373DD92D}"
EndProject
Project("{FAE04EC0-301F-11D3-BF4B-00C04F79EFBC}") = "Lyread.UWP", "Lyread\Lyread.UWP\Lyread.UWP.csproj", "{574E09B3-7C13-4490-9782-91D6A86FC26B}"
EndProject
Global
	GlobalSection(SolutionConfigurationPlatforms) = preSolution
		Ad-Hoc|Any CPU = Ad-Hoc|Any CPU
		Ad-Hoc|ARM = Ad-Hoc|ARM
		Ad-Hoc|iPhone = Ad-Hoc|iPhone
		Ad-Hoc|iPhoneSimulator = Ad-Hoc|iPhoneSimulator
		Ad-Hoc|x64 = Ad-Hoc|x64
		Ad-Hoc|x86 = Ad-Hoc|x86
		AppStore|Any CPU = AppStore|Any CPU
		AppStore|ARM = AppStore|ARM
		AppStore|iPhone = AppStore|iPhone
		AppStore|iPhoneSimulator = AppStore|iPhoneSimulator
		AppStore|x64 = AppStore|x64
		AppStore|x86 = AppStore|x86
		Debug|Any CPU = Debug|Any CPU
		Debug|ARM = Debug|ARM
		Debug|iPhone = Debug|iPhone
		Debug|iPhoneSimulator = Debug|iPhoneSimulator
		Debug|x64 = Debug|x64
		Debug|x86 = Debug|x86
		Phone|Any CPU = Phone|Any CPU
		Phone|ARM = Phone|ARM
		Phone|iPhone = Phone|iPhone
		Phone|iPhoneSimulator = Phone|iPhoneSimulator
		Phone|x64 = Phone|x64
		Phone|x86 = Phone|x86
		Release|Any CPU = Release|Any CPU
		Release|ARM = Release|ARM
		Release|iPhone = Release|iPhone
		Release|iPhoneSimulator = Release|iPhoneSimulator
		Release|x64 = Release|x64
		Release|x86 = Release|x86
	EndGlobalSection
	GlobalSection(ProjectConfigurationPlatforms) = postSolution
		{E60B0436-A056-4BEE-BDC9-F708DD79071B}.Ad-Hoc|Any CPU.ActiveCfg = Release|Any CPU
		{E60B0436-A056-4BEE-BDC9-F708DD79071B}.Ad-Hoc|Any CPU.Build.0 = Release|Any CPU
		{E60B0436-A056-4BEE-BDC9-F708DD79071B}.Ad-Hoc|ARM.ActiveCfg = Release|Any CPU
		{E60B0436-A056-4BEE-BDC9-F708DD79071B}.Ad-Hoc|ARM.Build.0 = Release|Any CPU
		{E60B0436-A056-4BEE-BDC9-F708DD79071B}.Ad-Hoc|iPhone.ActiveCfg = Release|Any CPU
		{E60B0436-A056-4BEE-BDC9-F708DD79071B}.Ad-Hoc|iPhone.Build.0 = Release|Any CPU
		{E60B0436-A056-4BEE-BDC9-F708DD79071B}.Ad-Hoc|iPhoneSimulator.ActiveCfg = Release|Any CPU
		{E60B0436-A056-4BEE-BDC9-F708DD79071B}.Ad-Hoc|iPhoneSimulator.Build.0 = Release|Any CPU
		{E60B0436-A056-4BEE-BDC9-F708DD79071B}.Ad-Hoc|x64.ActiveCfg = Release|Any CPU
		{E60B0436-A056-4BEE-BDC9-F708DD79071B}.Ad-Hoc|x64.Build.0 = Release|Any CPU
		{E60B0436-A056-4BEE-BDC9-F708DD79071B}.Ad-Hoc|x86.ActiveCfg = Release|Any CPU
		{E60B0436-A056-4BEE-BDC9-F708DD79071B}.Ad-Hoc|x86.Build.0 = Release|Any CPU
		{E60B0436-A056-4BEE-BDC9-F708DD79071B}.AppStore|Any CPU.ActiveCfg = Release|Any CPU
		{E60B0436-A056-4BEE-BDC9-F708DD79071B}.AppStore|Any CPU.Build.0 = Release|Any CPU
		{E60B0436-A056-4BEE-BDC9-F708DD79071B}.AppStore|ARM.ActiveCfg = Release|Any CPU
		{E60B0436-A056-4BEE-BDC9-F708DD79071B}.AppStore|ARM.Build.0 = Release|Any CPU
		{E60B0436-A056-4BEE-BDC9-F708DD79071B}.AppStore|iPhone.ActiveCfg = Release|Any CPU
		{E60B0436-A056-4BEE-BDC9-F708DD79071B}.AppStore|iPhone.Build.0 = Release|Any CPU
		{E60B0436-A056-4BEE-BDC9-F708DD79071B}.AppStore|iPhoneSimulator.ActiveCfg = Release|Any CPU
		{E60B0436-A056-4BEE-BDC9-F708DD79071B}.AppStore|iPhoneSimulator.Build.0 = Release|Any CPU
		{E60B0436-A056-4BEE-BDC9-F708DD79071B}.AppStore|x64.ActiveCfg = Release|Any CPU
		{E60B0436-A056-4BEE-BDC9-F708DD79071B}.AppStore|x64.Build.0 = Release|Any CPU
		{E60B0436-A056-4BEE-BDC9-F708DD79071B}.AppStore|x86.ActiveCfg = Release|Any CPU
		{E60B0436-A056-4BEE-BDC9-F708DD79071B}.AppStore|x86.Build.0 = Release|Any CPU
		{E60B0436-A056-4BEE-BDC9-F708DD79071B}.Debug|Any CPU.ActiveCfg = Debug|Any CPU
		{E60B0436-A056-4BEE-BDC9-F708DD79071B}.Debug|Any CPU.Build.0 = Debug|Any CPU
		{E60B0436-A056-4BEE-BDC9-F708DD79071B}.Debug|ARM.ActiveCfg = Debug|Any CPU
		{E60B0436-A056-4BEE-BDC9-F708DD79071B}.Debug|ARM.Build.0 = Debug|Any CPU
		{E60B0436-A056-4BEE-BDC9-F708DD79071B}.Debug|iPhone.ActiveCfg = Debug|Any CPU
		{E60B0436-A056-4BEE-BDC9-F708DD79071B}.Debug|iPhone.Build.0 = Debug|Any CPU
		{E60B0436-A056-4BEE-BDC9-F708DD79071B}.Debug|iPhoneSimulator.ActiveCfg = Debug|Any CPU
		{E60B0436-A056-4BEE-BDC9-F708DD79071B}.Debug|iPhoneSimulator.Build.0 = Debug|Any CPU
		{E60B0436-A056-4BEE-BDC9-F708DD79071B}.Debug|x64.ActiveCfg = Debug|Any CPU
		{E60B0436-A056-4BEE-BDC9-F708DD79071B}.Debug|x64.Build.0 = Debug|Any CPU
		{E60B0436-A056-4BEE-BDC9-F708DD79071B}.Debug|x86.ActiveCfg = Debug|Any CPU
		{E60B0436-A056-4BEE-BDC9-F708DD79071B}.Debug|x86.Build.0 = Debug|Any CPU
		{E60B0436-A056-4BEE-BDC9-F708DD79071B}.Phone|Any CPU.ActiveCfg = Debug|Any CPU
		{E60B0436-A056-4BEE-BDC9-F708DD79071B}.Phone|Any CPU.Build.0 = Debug|Any CPU
		{E60B0436-A056-4BEE-BDC9-F708DD79071B}.Phone|ARM.ActiveCfg = Debug|Any CPU
		{E60B0436-A056-4BEE-BDC9-F708DD79071B}.Phone|ARM.Build.0 = Debug|Any CPU
		{E60B0436-A056-4BEE-BDC9-F708DD79071B}.Phone|iPhone.ActiveCfg = Debug|Any CPU
		{E60B0436-A056-4BEE-BDC9-F708DD79071B}.Phone|iPhone.Build.0 = Debug|Any CPU
		{E60B0436-A056-4BEE-BDC9-F708DD79071B}.Phone|iPhoneSimulator.ActiveCfg = Debug|Any CPU
		{E60B0436-A056-4BEE-BDC9-F708DD79071B}.Phone|iPhoneSimulator.Build.0 = Debug|Any CPU
		{E60B0436-A056-4BEE-BDC9-F708DD79071B}.Phone|x64.ActiveCfg = Debug|Any CPU
		{E60B0436-A056-4BEE-BDC9-F708DD79071B}.Phone|x64.Build.0 = Debug|Any CPU
		{E60B0436-A056-4BEE-BDC9-F708DD79071B}.Phone|x86.ActiveCfg = Debug|Any CPU
		{E60B0436-A056-4BEE-BDC9-F708DD79071B}.Phone|x86.Build.0 = Debug|Any CPU
		{E60B0436-A056-4BEE-BDC9-F708DD79071B}.Release|Any CPU.ActiveCfg = Release|Any CPU
		{E60B0436-A056-4BEE-BDC9-F708DD79071B}.Release|Any CPU.Build.0 = Release|Any CPU
		{E60B0436-A056-4BEE-BDC9-F708DD79071B}.Release|ARM.ActiveCfg = Release|Any CPU
		{E60B0436-A056-4BEE-BDC9-F708DD79071B}.Release|ARM.Build.0 = Release|Any CPU
		{E60B0436-A056-4BEE-BDC9-F708DD79071B}.Release|iPhone.ActiveCfg = Release|Any CPU
		{E60B0436-A056-4BEE-BDC9-F708DD79071B}.Release|iPhone.Build.0 = Release|Any CPU
		{E60B0436-A056-4BEE-BDC9-F708DD79071B}.Release|iPhoneSimulator.ActiveCfg = Release|Any CPU
		{E60B0436-A056-4BEE-BDC9-F708DD79071B}.Release|iPhoneSimulator.Build.0 = Release|Any CPU
		{E60B0436-A056-4BEE-BDC9-F708DD79071B}.Release|x64.ActiveCfg = Release|Any CPU
		{E60B0436-A056-4BEE-BDC9-F708DD79071B}.Release|x64.Build.0 = Release|Any CPU
		{E60B0436-A056-4BEE-BDC9-F708DD79071B}.Release|x86.ActiveCfg = Release|Any CPU
		{E60B0436-A056-4BEE-BDC9-F708DD79071B}.Release|x86.Build.0 = Release|Any CPU
		{67F9D3A8-F71E-4428-913F-C37AE82CDB24}.Ad-Hoc|Any CPU.ActiveCfg = Release|Any CPU
		{67F9D3A8-F71E-4428-913F-C37AE82CDB24}.Ad-Hoc|Any CPU.Build.0 = Release|Any CPU
		{67F9D3A8-F71E-4428-913F-C37AE82CDB24}.Ad-Hoc|ARM.ActiveCfg = Release|Any CPU
		{67F9D3A8-F71E-4428-913F-C37AE82CDB24}.Ad-Hoc|ARM.Build.0 = Release|Any CPU
		{67F9D3A8-F71E-4428-913F-C37AE82CDB24}.Ad-Hoc|iPhone.ActiveCfg = Release|Any CPU
		{67F9D3A8-F71E-4428-913F-C37AE82CDB24}.Ad-Hoc|iPhone.Build.0 = Release|Any CPU
		{67F9D3A8-F71E-4428-913F-C37AE82CDB24}.Ad-Hoc|iPhoneSimulator.ActiveCfg = Release|Any CPU
		{67F9D3A8-F71E-4428-913F-C37AE82CDB24}.Ad-Hoc|iPhoneSimulator.Build.0 = Release|Any CPU
		{67F9D3A8-F71E-4428-913F-C37AE82CDB24}.Ad-Hoc|x64.ActiveCfg = Release|Any CPU
		{67F9D3A8-F71E-4428-913F-C37AE82CDB24}.Ad-Hoc|x64.Build.0 = Release|Any CPU
		{67F9D3A8-F71E-4428-913F-C37AE82CDB24}.Ad-Hoc|x86.ActiveCfg = Release|Any CPU
		{67F9D3A8-F71E-4428-913F-C37AE82CDB24}.Ad-Hoc|x86.Build.0 = Release|Any CPU
		{67F9D3A8-F71E-4428-913F-C37AE82CDB24}.AppStore|Any CPU.ActiveCfg = Release|Any CPU
		{67F9D3A8-F71E-4428-913F-C37AE82CDB24}.AppStore|Any CPU.Build.0 = Release|Any CPU
		{67F9D3A8-F71E-4428-913F-C37AE82CDB24}.AppStore|ARM.ActiveCfg = Release|Any CPU
		{67F9D3A8-F71E-4428-913F-C37AE82CDB24}.AppStore|ARM.Build.0 = Release|Any CPU
		{67F9D3A8-F71E-4428-913F-C37AE82CDB24}.AppStore|iPhone.ActiveCfg = Release|Any CPU
		{67F9D3A8-F71E-4428-913F-C37AE82CDB24}.AppStore|iPhone.Build.0 = Release|Any CPU
		{67F9D3A8-F71E-4428-913F-C37AE82CDB24}.AppStore|iPhoneSimulator.ActiveCfg = Release|Any CPU
		{67F9D3A8-F71E-4428-913F-C37AE82CDB24}.AppStore|iPhoneSimulator.Build.0 = Release|Any CPU
		{67F9D3A8-F71E-4428-913F-C37AE82CDB24}.AppStore|x64.ActiveCfg = Release|Any CPU
		{67F9D3A8-F71E-4428-913F-C37AE82CDB24}.AppStore|x64.Build.0 = Release|Any CPU
		{67F9D3A8-F71E-4428-913F-C37AE82CDB24}.AppStore|x86.ActiveCfg = Release|Any CPU
		{67F9D3A8-F71E-4428-913F-C37AE82CDB24}.AppStore|x86.Build.0 = Release|Any CPU
		{67F9D3A8-F71E-4428-913F-C37AE82CDB24}.Debug|Any CPU.ActiveCfg = Debug|Any CPU
		{67F9D3A8-F71E-4428-913F-C37AE82CDB24}.Debug|Any CPU.Build.0 = Debug|Any CPU
		{67F9D3A8-F71E-4428-913F-C37AE82CDB24}.Debug|ARM.ActiveCfg = Debug|Any CPU
		{67F9D3A8-F71E-4428-913F-C37AE82CDB24}.Debug|ARM.Build.0 = Debug|Any CPU
		{67F9D3A8-F71E-4428-913F-C37AE82CDB24}.Debug|iPhone.ActiveCfg = Debug|Any CPU
		{67F9D3A8-F71E-4428-913F-C37AE82CDB24}.Debug|iPhone.Build.0 = Debug|Any CPU
		{67F9D3A8-F71E-4428-913F-C37AE82CDB24}.Debug|iPhoneSimulator.ActiveCfg = Debug|Any CPU
		{67F9D3A8-F71E-4428-913F-C37AE82CDB24}.Debug|iPhoneSimulator.Build.0 = Debug|Any CPU
		{67F9D3A8-F71E-4428-913F-C37AE82CDB24}.Debug|x64.ActiveCfg = Debug|Any CPU
		{67F9D3A8-F71E-4428-913F-C37AE82CDB24}.Debug|x64.Build.0 = Debug|Any CPU
		{67F9D3A8-F71E-4428-913F-C37AE82CDB24}.Debug|x86.ActiveCfg = Debug|Any CPU
		{67F9D3A8-F71E-4428-913F-C37AE82CDB24}.Debug|x86.Build.0 = Debug|Any CPU
		{67F9D3A8-F71E-4428-913F-C37AE82CDB24}.Phone|Any CPU.ActiveCfg = Release|Any CPU
		{67F9D3A8-F71E-4428-913F-C37AE82CDB24}.Phone|Any CPU.Build.0 = Release|Any CPU
		{67F9D3A8-F71E-4428-913F-C37AE82CDB24}.Phone|ARM.ActiveCfg = Release|Any CPU
		{67F9D3A8-F71E-4428-913F-C37AE82CDB24}.Phone|ARM.Build.0 = Release|Any CPU
		{67F9D3A8-F71E-4428-913F-C37AE82CDB24}.Phone|iPhone.ActiveCfg = Release|Any CPU
		{67F9D3A8-F71E-4428-913F-C37AE82CDB24}.Phone|iPhone.Build.0 = Release|Any CPU
		{67F9D3A8-F71E-4428-913F-C37AE82CDB24}.Phone|iPhoneSimulator.ActiveCfg = Release|Any CPU
		{67F9D3A8-F71E-4428-913F-C37AE82CDB24}.Phone|iPhoneSimulator.Build.0 = Release|Any CPU
		{67F9D3A8-F71E-4428-913F-C37AE82CDB24}.Phone|x64.ActiveCfg = Release|Any CPU
		{67F9D3A8-F71E-4428-913F-C37AE82CDB24}.Phone|x64.Build.0 = Release|Any CPU
		{67F9D3A8-F71E-4428-913F-C37AE82CDB24}.Phone|x86.ActiveCfg = Release|Any CPU
		{67F9D3A8-F71E-4428-913F-C37AE82CDB24}.Phone|x86.Build.0 = Release|Any CPU
		{67F9D3A8-F71E-4428-913F-C37AE82CDB24}.Release|Any CPU.ActiveCfg = Release|Any CPU
		{67F9D3A8-F71E-4428-913F-C37AE82CDB24}.Release|Any CPU.Build.0 = Release|Any CPU
		{67F9D3A8-F71E-4428-913F-C37AE82CDB24}.Release|ARM.ActiveCfg = Release|Any CPU
		{67F9D3A8-F71E-4428-913F-C37AE82CDB24}.Release|ARM.Build.0 = Release|Any CPU
		{67F9D3A8-F71E-4428-913F-C37AE82CDB24}.Release|iPhone.ActiveCfg = Release|Any CPU
		{67F9D3A8-F71E-4428-913F-C37AE82CDB24}.Release|iPhone.Build.0 = Release|Any CPU
		{67F9D3A8-F71E-4428-913F-C37AE82CDB24}.Release|iPhoneSimulator.ActiveCfg = Release|Any CPU
		{67F9D3A8-F71E-4428-913F-C37AE82CDB24}.Release|iPhoneSimulator.Build.0 = Release|Any CPU
		{67F9D3A8-F71E-4428-913F-C37AE82CDB24}.Release|x64.ActiveCfg = Release|Any CPU
		{67F9D3A8-F71E-4428-913F-C37AE82CDB24}.Release|x64.Build.0 = Release|Any CPU
		{67F9D3A8-F71E-4428-913F-C37AE82CDB24}.Release|x86.ActiveCfg = Release|Any CPU
		{67F9D3A8-F71E-4428-913F-C37AE82CDB24}.Release|x86.Build.0 = Release|Any CPU
		{A3D31D79-6A6B-4751-9642-66623661D2B3}.Ad-Hoc|Any CPU.ActiveCfg = Release|Any CPU
		{A3D31D79-6A6B-4751-9642-66623661D2B3}.Ad-Hoc|Any CPU.Build.0 = Release|Any CPU
		{A3D31D79-6A6B-4751-9642-66623661D2B3}.Ad-Hoc|ARM.ActiveCfg = Release|Any CPU
		{A3D31D79-6A6B-4751-9642-66623661D2B3}.Ad-Hoc|ARM.Build.0 = Release|Any CPU
		{A3D31D79-6A6B-4751-9642-66623661D2B3}.Ad-Hoc|iPhone.ActiveCfg = Release|Any CPU
		{A3D31D79-6A6B-4751-9642-66623661D2B3}.Ad-Hoc|iPhone.Build.0 = Release|Any CPU
		{A3D31D79-6A6B-4751-9642-66623661D2B3}.Ad-Hoc|iPhoneSimulator.ActiveCfg = Release|Any CPU
		{A3D31D79-6A6B-4751-9642-66623661D2B3}.Ad-Hoc|iPhoneSimulator.Build.0 = Release|Any CPU
		{A3D31D79-6A6B-4751-9642-66623661D2B3}.Ad-Hoc|x64.ActiveCfg = Release|Any CPU
		{A3D31D79-6A6B-4751-9642-66623661D2B3}.Ad-Hoc|x64.Build.0 = Release|Any CPU
		{A3D31D79-6A6B-4751-9642-66623661D2B3}.Ad-Hoc|x86.ActiveCfg = Release|Any CPU
		{A3D31D79-6A6B-4751-9642-66623661D2B3}.Ad-Hoc|x86.Build.0 = Release|Any CPU
		{A3D31D79-6A6B-4751-9642-66623661D2B3}.AppStore|Any CPU.ActiveCfg = Release|Any CPU
		{A3D31D79-6A6B-4751-9642-66623661D2B3}.AppStore|Any CPU.Build.0 = Release|Any CPU
		{A3D31D79-6A6B-4751-9642-66623661D2B3}.AppStore|ARM.ActiveCfg = Release|Any CPU
		{A3D31D79-6A6B-4751-9642-66623661D2B3}.AppStore|ARM.Build.0 = Release|Any CPU
		{A3D31D79-6A6B-4751-9642-66623661D2B3}.AppStore|iPhone.ActiveCfg = Release|Any CPU
		{A3D31D79-6A6B-4751-9642-66623661D2B3}.AppStore|iPhone.Build.0 = Release|Any CPU
		{A3D31D79-6A6B-4751-9642-66623661D2B3}.AppStore|iPhoneSimulator.ActiveCfg = Release|Any CPU
		{A3D31D79-6A6B-4751-9642-66623661D2B3}.AppStore|iPhoneSimulator.Build.0 = Release|Any CPU
		{A3D31D79-6A6B-4751-9642-66623661D2B3}.AppStore|x64.ActiveCfg = Release|Any CPU
		{A3D31D79-6A6B-4751-9642-66623661D2B3}.AppStore|x64.Build.0 = Release|Any CPU
		{A3D31D79-6A6B-4751-9642-66623661D2B3}.AppStore|x86.ActiveCfg = Release|Any CPU
		{A3D31D79-6A6B-4751-9642-66623661D2B3}.AppStore|x86.Build.0 = Release|Any CPU
		{A3D31D79-6A6B-4751-9642-66623661D2B3}.Debug|Any CPU.ActiveCfg = Debug|Any CPU
		{A3D31D79-6A6B-4751-9642-66623661D2B3}.Debug|Any CPU.Build.0 = Debug|Any CPU
		{A3D31D79-6A6B-4751-9642-66623661D2B3}.Debug|ARM.ActiveCfg = Debug|Any CPU
		{A3D31D79-6A6B-4751-9642-66623661D2B3}.Debug|ARM.Build.0 = Debug|Any CPU
		{A3D31D79-6A6B-4751-9642-66623661D2B3}.Debug|iPhone.ActiveCfg = Debug|Any CPU
		{A3D31D79-6A6B-4751-9642-66623661D2B3}.Debug|iPhone.Build.0 = Debug|Any CPU
		{A3D31D79-6A6B-4751-9642-66623661D2B3}.Debug|iPhoneSimulator.ActiveCfg = Debug|Any CPU
		{A3D31D79-6A6B-4751-9642-66623661D2B3}.Debug|iPhoneSimulator.Build.0 = Debug|Any CPU
		{A3D31D79-6A6B-4751-9642-66623661D2B3}.Debug|x64.ActiveCfg = Debug|Any CPU
		{A3D31D79-6A6B-4751-9642-66623661D2B3}.Debug|x64.Build.0 = Debug|Any CPU
		{A3D31D79-6A6B-4751-9642-66623661D2B3}.Debug|x86.ActiveCfg = Debug|Any CPU
		{A3D31D79-6A6B-4751-9642-66623661D2B3}.Debug|x86.Build.0 = Debug|Any CPU
		{A3D31D79-6A6B-4751-9642-66623661D2B3}.Phone|Any CPU.ActiveCfg = Release|Any CPU
		{A3D31D79-6A6B-4751-9642-66623661D2B3}.Phone|Any CPU.Build.0 = Release|Any CPU
		{A3D31D79-6A6B-4751-9642-66623661D2B3}.Phone|ARM.ActiveCfg = Release|Any CPU
		{A3D31D79-6A6B-4751-9642-66623661D2B3}.Phone|ARM.Build.0 = Release|Any CPU
		{A3D31D79-6A6B-4751-9642-66623661D2B3}.Phone|iPhone.ActiveCfg = Release|Any CPU
		{A3D31D79-6A6B-4751-9642-66623661D2B3}.Phone|iPhone.Build.0 = Release|Any CPU
		{A3D31D79-6A6B-4751-9642-66623661D2B3}.Phone|iPhoneSimulator.ActiveCfg = Release|Any CPU
		{A3D31D79-6A6B-4751-9642-66623661D2B3}.Phone|iPhoneSimulator.Build.0 = Release|Any CPU
		{A3D31D79-6A6B-4751-9642-66623661D2B3}.Phone|x64.ActiveCfg = Release|Any CPU
		{A3D31D79-6A6B-4751-9642-66623661D2B3}.Phone|x64.Build.0 = Release|Any CPU
		{A3D31D79-6A6B-4751-9642-66623661D2B3}.Phone|x86.ActiveCfg = Release|Any CPU
		{A3D31D79-6A6B-4751-9642-66623661D2B3}.Phone|x86.Build.0 = Release|Any CPU
		{A3D31D79-6A6B-4751-9642-66623661D2B3}.Release|Any CPU.ActiveCfg = Release|Any CPU
		{A3D31D79-6A6B-4751-9642-66623661D2B3}.Release|Any CPU.Build.0 = Release|Any CPU
		{A3D31D79-6A6B-4751-9642-66623661D2B3}.Release|ARM.ActiveCfg = Release|Any CPU
		{A3D31D79-6A6B-4751-9642-66623661D2B3}.Release|ARM.Build.0 = Release|Any CPU
		{A3D31D79-6A6B-4751-9642-66623661D2B3}.Release|iPhone.ActiveCfg = Release|Any CPU
		{A3D31D79-6A6B-4751-9642-66623661D2B3}.Release|iPhone.Build.0 = Release|Any CPU
		{A3D31D79-6A6B-4751-9642-66623661D2B3}.Release|iPhoneSimulator.ActiveCfg = Release|Any CPU
		{A3D31D79-6A6B-4751-9642-66623661D2B3}.Release|iPhoneSimulator.Build.0 = Release|Any CPU
		{A3D31D79-6A6B-4751-9642-66623661D2B3}.Release|x64.ActiveCfg = Release|Any CPU
		{A3D31D79-6A6B-4751-9642-66623661D2B3}.Release|x64.Build.0 = Release|Any CPU
		{A3D31D79-6A6B-4751-9642-66623661D2B3}.Release|x86.ActiveCfg = Release|Any CPU
		{A3D31D79-6A6B-4751-9642-66623661D2B3}.Release|x86.Build.0 = Release|Any CPU
		{010F4A09-D8D2-4E3E-AE38-268C7A8A9F31}.Ad-Hoc|Any CPU.ActiveCfg = Release|Any CPU
		{010F4A09-D8D2-4E3E-AE38-268C7A8A9F31}.Ad-Hoc|Any CPU.Build.0 = Release|Any CPU
		{010F4A09-D8D2-4E3E-AE38-268C7A8A9F31}.Ad-Hoc|ARM.ActiveCfg = Release|Any CPU
		{010F4A09-D8D2-4E3E-AE38-268C7A8A9F31}.Ad-Hoc|ARM.Build.0 = Release|Any CPU
		{010F4A09-D8D2-4E3E-AE38-268C7A8A9F31}.Ad-Hoc|iPhone.ActiveCfg = Release|Any CPU
		{010F4A09-D8D2-4E3E-AE38-268C7A8A9F31}.Ad-Hoc|iPhone.Build.0 = Release|Any CPU
		{010F4A09-D8D2-4E3E-AE38-268C7A8A9F31}.Ad-Hoc|iPhoneSimulator.ActiveCfg = Release|Any CPU
		{010F4A09-D8D2-4E3E-AE38-268C7A8A9F31}.Ad-Hoc|iPhoneSimulator.Build.0 = Release|Any CPU
		{010F4A09-D8D2-4E3E-AE38-268C7A8A9F31}.Ad-Hoc|x64.ActiveCfg = Release|Any CPU
		{010F4A09-D8D2-4E3E-AE38-268C7A8A9F31}.Ad-Hoc|x64.Build.0 = Release|Any CPU
		{010F4A09-D8D2-4E3E-AE38-268C7A8A9F31}.Ad-Hoc|x86.ActiveCfg = Release|Any CPU
		{010F4A09-D8D2-4E3E-AE38-268C7A8A9F31}.Ad-Hoc|x86.Build.0 = Release|Any CPU
		{010F4A09-D8D2-4E3E-AE38-268C7A8A9F31}.AppStore|Any CPU.ActiveCfg = Release|Any CPU
		{010F4A09-D8D2-4E3E-AE38-268C7A8A9F31}.AppStore|Any CPU.Build.0 = Release|Any CPU
		{010F4A09-D8D2-4E3E-AE38-268C7A8A9F31}.AppStore|ARM.ActiveCfg = Release|Any CPU
		{010F4A09-D8D2-4E3E-AE38-268C7A8A9F31}.AppStore|ARM.Build.0 = Release|Any CPU
		{010F4A09-D8D2-4E3E-AE38-268C7A8A9F31}.AppStore|iPhone.ActiveCfg = Release|Any CPU
		{010F4A09-D8D2-4E3E-AE38-268C7A8A9F31}.AppStore|iPhone.Build.0 = Release|Any CPU
		{010F4A09-D8D2-4E3E-AE38-268C7A8A9F31}.AppStore|iPhoneSimulator.ActiveCfg = Release|Any CPU
		{010F4A09-D8D2-4E3E-AE38-268C7A8A9F31}.AppStore|iPhoneSimulator.Build.0 = Release|Any CPU
		{010F4A09-D8D2-4E3E-AE38-268C7A8A9F31}.AppStore|x64.ActiveCfg = Release|Any CPU
		{010F4A09-D8D2-4E3E-AE38-268C7A8A9F31}.AppStore|x64.Build.0 = Release|Any CPU
		{010F4A09-D8D2-4E3E-AE38-268C7A8A9F31}.AppStore|x86.ActiveCfg = Release|Any CPU
		{010F4A09-D8D2-4E3E-AE38-268C7A8A9F31}.AppStore|x86.Build.0 = Release|Any CPU
		{010F4A09-D8D2-4E3E-AE38-268C7A8A9F31}.Debug|Any CPU.ActiveCfg = Debug|Any CPU
		{010F4A09-D8D2-4E3E-AE38-268C7A8A9F31}.Debug|Any CPU.Build.0 = Debug|Any CPU
		{010F4A09-D8D2-4E3E-AE38-268C7A8A9F31}.Debug|ARM.ActiveCfg = Debug|Any CPU
		{010F4A09-D8D2-4E3E-AE38-268C7A8A9F31}.Debug|ARM.Build.0 = Debug|Any CPU
		{010F4A09-D8D2-4E3E-AE38-268C7A8A9F31}.Debug|iPhone.ActiveCfg = Debug|Any CPU
		{010F4A09-D8D2-4E3E-AE38-268C7A8A9F31}.Debug|iPhone.Build.0 = Debug|Any CPU
		{010F4A09-D8D2-4E3E-AE38-268C7A8A9F31}.Debug|iPhoneSimulator.ActiveCfg = Debug|Any CPU
		{010F4A09-D8D2-4E3E-AE38-268C7A8A9F31}.Debug|iPhoneSimulator.Build.0 = Debug|Any CPU
		{010F4A09-D8D2-4E3E-AE38-268C7A8A9F31}.Debug|x64.ActiveCfg = Debug|Any CPU
		{010F4A09-D8D2-4E3E-AE38-268C7A8A9F31}.Debug|x64.Build.0 = Debug|Any CPU
		{010F4A09-D8D2-4E3E-AE38-268C7A8A9F31}.Debug|x86.ActiveCfg = Debug|Any CPU
		{010F4A09-D8D2-4E3E-AE38-268C7A8A9F31}.Debug|x86.Build.0 = Debug|Any CPU
		{010F4A09-D8D2-4E3E-AE38-268C7A8A9F31}.Phone|Any CPU.ActiveCfg = Release|Any CPU
		{010F4A09-D8D2-4E3E-AE38-268C7A8A9F31}.Phone|Any CPU.Build.0 = Release|Any CPU
		{010F4A09-D8D2-4E3E-AE38-268C7A8A9F31}.Phone|ARM.ActiveCfg = Release|Any CPU
		{010F4A09-D8D2-4E3E-AE38-268C7A8A9F31}.Phone|ARM.Build.0 = Release|Any CPU
		{010F4A09-D8D2-4E3E-AE38-268C7A8A9F31}.Phone|iPhone.ActiveCfg = Release|Any CPU
		{010F4A09-D8D2-4E3E-AE38-268C7A8A9F31}.Phone|iPhone.Build.0 = Release|Any CPU
		{010F4A09-D8D2-4E3E-AE38-268C7A8A9F31}.Phone|iPhoneSimulator.ActiveCfg = Release|Any CPU
		{010F4A09-D8D2-4E3E-AE38-268C7A8A9F31}.Phone|iPhoneSimulator.Build.0 = Release|Any CPU
		{010F4A09-D8D2-4E3E-AE38-268C7A8A9F31}.Phone|x64.ActiveCfg = Release|Any CPU
		{010F4A09-D8D2-4E3E-AE38-268C7A8A9F31}.Phone|x64.Build.0 = Release|Any CPU
		{010F4A09-D8D2-4E3E-AE38-268C7A8A9F31}.Phone|x86.ActiveCfg = Release|Any CPU
		{010F4A09-D8D2-4E3E-AE38-268C7A8A9F31}.Phone|x86.Build.0 = Release|Any CPU
		{010F4A09-D8D2-4E3E-AE38-268C7A8A9F31}.Release|Any CPU.ActiveCfg = Release|Any CPU
		{010F4A09-D8D2-4E3E-AE38-268C7A8A9F31}.Release|Any CPU.Build.0 = Release|Any CPU
		{010F4A09-D8D2-4E3E-AE38-268C7A8A9F31}.Release|ARM.ActiveCfg = Release|Any CPU
		{010F4A09-D8D2-4E3E-AE38-268C7A8A9F31}.Release|ARM.Build.0 = Release|Any CPU
		{010F4A09-D8D2-4E3E-AE38-268C7A8A9F31}.Release|iPhone.ActiveCfg = Release|Any CPU
		{010F4A09-D8D2-4E3E-AE38-268C7A8A9F31}.Release|iPhone.Build.0 = Release|Any CPU
		{010F4A09-D8D2-4E3E-AE38-268C7A8A9F31}.Release|iPhoneSimulator.ActiveCfg = Release|Any CPU
		{010F4A09-D8D2-4E3E-AE38-268C7A8A9F31}.Release|iPhoneSimulator.Build.0 = Release|Any CPU
		{010F4A09-D8D2-4E3E-AE38-268C7A8A9F31}.Release|x64.ActiveCfg = Release|Any CPU
		{010F4A09-D8D2-4E3E-AE38-268C7A8A9F31}.Release|x64.Build.0 = Release|Any CPU
		{010F4A09-D8D2-4E3E-AE38-268C7A8A9F31}.Release|x86.ActiveCfg = Release|Any CPU
		{010F4A09-D8D2-4E3E-AE38-268C7A8A9F31}.Release|x86.Build.0 = Release|Any CPU
		{574E09B3-7C13-4490-9782-91D6A86FC26B}.Ad-Hoc|Any CPU.ActiveCfg = Release|x86
		{574E09B3-7C13-4490-9782-91D6A86FC26B}.Ad-Hoc|Any CPU.Build.0 = Release|x86
		{574E09B3-7C13-4490-9782-91D6A86FC26B}.Ad-Hoc|Any CPU.Deploy.0 = Release|x86
		{574E09B3-7C13-4490-9782-91D6A86FC26B}.Ad-Hoc|ARM.ActiveCfg = Release|ARM
		{574E09B3-7C13-4490-9782-91D6A86FC26B}.Ad-Hoc|ARM.Build.0 = Release|ARM
		{574E09B3-7C13-4490-9782-91D6A86FC26B}.Ad-Hoc|ARM.Deploy.0 = Release|ARM
		{574E09B3-7C13-4490-9782-91D6A86FC26B}.Ad-Hoc|iPhone.ActiveCfg = Release|x86
		{574E09B3-7C13-4490-9782-91D6A86FC26B}.Ad-Hoc|iPhone.Build.0 = Release|x86
		{574E09B3-7C13-4490-9782-91D6A86FC26B}.Ad-Hoc|iPhone.Deploy.0 = Release|x86
		{574E09B3-7C13-4490-9782-91D6A86FC26B}.Ad-Hoc|iPhoneSimulator.ActiveCfg = Release|x86
		{574E09B3-7C13-4490-9782-91D6A86FC26B}.Ad-Hoc|iPhoneSimulator.Build.0 = Release|x86
		{574E09B3-7C13-4490-9782-91D6A86FC26B}.Ad-Hoc|iPhoneSimulator.Deploy.0 = Release|x86
		{574E09B3-7C13-4490-9782-91D6A86FC26B}.Ad-Hoc|x64.ActiveCfg = Release|x64
		{574E09B3-7C13-4490-9782-91D6A86FC26B}.Ad-Hoc|x64.Build.0 = Release|x64
		{574E09B3-7C13-4490-9782-91D6A86FC26B}.Ad-Hoc|x64.Deploy.0 = Release|x64
		{574E09B3-7C13-4490-9782-91D6A86FC26B}.Ad-Hoc|x86.ActiveCfg = Release|x86
		{574E09B3-7C13-4490-9782-91D6A86FC26B}.Ad-Hoc|x86.Build.0 = Release|x86
		{574E09B3-7C13-4490-9782-91D6A86FC26B}.Ad-Hoc|x86.Deploy.0 = Release|x86
		{574E09B3-7C13-4490-9782-91D6A86FC26B}.AppStore|Any CPU.ActiveCfg = Release|x86
		{574E09B3-7C13-4490-9782-91D6A86FC26B}.AppStore|Any CPU.Build.0 = Release|x86
		{574E09B3-7C13-4490-9782-91D6A86FC26B}.AppStore|Any CPU.Deploy.0 = Release|x86
		{574E09B3-7C13-4490-9782-91D6A86FC26B}.AppStore|ARM.ActiveCfg = Release|ARM
		{574E09B3-7C13-4490-9782-91D6A86FC26B}.AppStore|ARM.Build.0 = Release|ARM
		{574E09B3-7C13-4490-9782-91D6A86FC26B}.AppStore|ARM.Deploy.0 = Release|ARM
		{574E09B3-7C13-4490-9782-91D6A86FC26B}.AppStore|iPhone.ActiveCfg = Release|x86
		{574E09B3-7C13-4490-9782-91D6A86FC26B}.AppStore|iPhone.Build.0 = Release|x86
		{574E09B3-7C13-4490-9782-91D6A86FC26B}.AppStore|iPhone.Deploy.0 = Release|x86
		{574E09B3-7C13-4490-9782-91D6A86FC26B}.AppStore|iPhoneSimulator.ActiveCfg = Release|x86
		{574E09B3-7C13-4490-9782-91D6A86FC26B}.AppStore|iPhoneSimulator.Build.0 = Release|x86
		{574E09B3-7C13-4490-9782-91D6A86FC26B}.AppStore|iPhoneSimulator.Deploy.0 = Release|x86
		{574E09B3-7C13-4490-9782-91D6A86FC26B}.AppStore|x64.ActiveCfg = Release|x64
		{574E09B3-7C13-4490-9782-91D6A86FC26B}.AppStore|x64.Build.0 = Release|x64
		{574E09B3-7C13-4490-9782-91D6A86FC26B}.AppStore|x64.Deploy.0 = Release|x64
		{574E09B3-7C13-4490-9782-91D6A86FC26B}.AppStore|x86.ActiveCfg = Release|x86
		{574E09B3-7C13-4490-9782-91D6A86FC26B}.AppStore|x86.Build.0 = Release|x86
		{574E09B3-7C13-4490-9782-91D6A86FC26B}.AppStore|x86.Deploy.0 = Release|x86
		{574E09B3-7C13-4490-9782-91D6A86FC26B}.Debug|Any CPU.ActiveCfg = Debug|x86
		{574E09B3-7C13-4490-9782-91D6A86FC26B}.Debug|Any CPU.Build.0 = Debug|x86
		{574E09B3-7C13-4490-9782-91D6A86FC26B}.Debug|Any CPU.Deploy.0 = Debug|x86
		{574E09B3-7C13-4490-9782-91D6A86FC26B}.Debug|ARM.ActiveCfg = Debug|ARM
		{574E09B3-7C13-4490-9782-91D6A86FC26B}.Debug|ARM.Build.0 = Debug|ARM
		{574E09B3-7C13-4490-9782-91D6A86FC26B}.Debug|ARM.Deploy.0 = Debug|ARM
		{574E09B3-7C13-4490-9782-91D6A86FC26B}.Debug|iPhone.ActiveCfg = Debug|x86
		{574E09B3-7C13-4490-9782-91D6A86FC26B}.Debug|iPhoneSimulator.ActiveCfg = Debug|x86
		{574E09B3-7C13-4490-9782-91D6A86FC26B}.Debug|x64.ActiveCfg = Debug|x64
		{574E09B3-7C13-4490-9782-91D6A86FC26B}.Debug|x64.Build.0 = Debug|x64
		{574E09B3-7C13-4490-9782-91D6A86FC26B}.Debug|x64.Deploy.0 = Debug|x64
		{574E09B3-7C13-4490-9782-91D6A86FC26B}.Debug|x86.ActiveCfg = Debug|x86
		{574E09B3-7C13-4490-9782-91D6A86FC26B}.Debug|x86.Build.0 = Debug|x86
		{574E09B3-7C13-4490-9782-91D6A86FC26B}.Debug|x86.Deploy.0 = Debug|x86
		{574E09B3-7C13-4490-9782-91D6A86FC26B}.Phone|Any CPU.ActiveCfg = Release|x86
		{574E09B3-7C13-4490-9782-91D6A86FC26B}.Phone|Any CPU.Build.0 = Release|x86
		{574E09B3-7C13-4490-9782-91D6A86FC26B}.Phone|Any CPU.Deploy.0 = Release|x86
		{574E09B3-7C13-4490-9782-91D6A86FC26B}.Phone|ARM.ActiveCfg = Release|ARM
		{574E09B3-7C13-4490-9782-91D6A86FC26B}.Phone|ARM.Build.0 = Release|ARM
		{574E09B3-7C13-4490-9782-91D6A86FC26B}.Phone|ARM.Deploy.0 = Release|ARM
		{574E09B3-7C13-4490-9782-91D6A86FC26B}.Phone|iPhone.ActiveCfg = Release|x86
		{574E09B3-7C13-4490-9782-91D6A86FC26B}.Phone|iPhone.Build.0 = Release|x86
		{574E09B3-7C13-4490-9782-91D6A86FC26B}.Phone|iPhone.Deploy.0 = Release|x86
		{574E09B3-7C13-4490-9782-91D6A86FC26B}.Phone|iPhoneSimulator.ActiveCfg = Release|x86
		{574E09B3-7C13-4490-9782-91D6A86FC26B}.Phone|iPhoneSimulator.Build.0 = Release|x86
		{574E09B3-7C13-4490-9782-91D6A86FC26B}.Phone|iPhoneSimulator.Deploy.0 = Release|x86
		{574E09B3-7C13-4490-9782-91D6A86FC26B}.Phone|x64.ActiveCfg = Release|x64
		{574E09B3-7C13-4490-9782-91D6A86FC26B}.Phone|x64.Build.0 = Release|x64
		{574E09B3-7C13-4490-9782-91D6A86FC26B}.Phone|x64.Deploy.0 = Release|x64
		{574E09B3-7C13-4490-9782-91D6A86FC26B}.Phone|x86.ActiveCfg = Release|x86
		{574E09B3-7C13-4490-9782-91D6A86FC26B}.Phone|x86.Build.0 = Release|x86
		{574E09B3-7C13-4490-9782-91D6A86FC26B}.Phone|x86.Deploy.0 = Release|x86
		{574E09B3-7C13-4490-9782-91D6A86FC26B}.Release|Any CPU.ActiveCfg = Release|x86
		{574E09B3-7C13-4490-9782-91D6A86FC26B}.Release|ARM.ActiveCfg = Release|ARM
		{574E09B3-7C13-4490-9782-91D6A86FC26B}.Release|ARM.Build.0 = Release|ARM
		{574E09B3-7C13-4490-9782-91D6A86FC26B}.Release|ARM.Deploy.0 = Release|ARM
		{574E09B3-7C13-4490-9782-91D6A86FC26B}.Release|iPhone.ActiveCfg = Release|x86
		{574E09B3-7C13-4490-9782-91D6A86FC26B}.Release|iPhoneSimulator.ActiveCfg = Release|x86
		{574E09B3-7C13-4490-9782-91D6A86FC26B}.Release|x64.ActiveCfg = Release|x64
		{574E09B3-7C13-4490-9782-91D6A86FC26B}.Release|x64.Build.0 = Release|x64
		{574E09B3-7C13-4490-9782-91D6A86FC26B}.Release|x64.Deploy.0 = Release|x64
		{574E09B3-7C13-4490-9782-91D6A86FC26B}.Release|x86.ActiveCfg = Release|x86
		{574E09B3-7C13-4490-9782-91D6A86FC26B}.Release|x86.Build.0 = Release|x86
		{574E09B3-7C13-4490-9782-91D6A86FC26B}.Release|x86.Deploy.0 = Release|x86
		{57C54AF6-67C6-4627-9210-C830373DD92D}.Ad-Hoc|Any CPU.ActiveCfg = Release|Any CPU
		{57C54AF6-67C6-4627-9210-C830373DD92D}.Ad-Hoc|Any CPU.Build.0 = Release|Any CPU
		{57C54AF6-67C6-4627-9210-C830373DD92D}.Ad-Hoc|Any CPU.Deploy.0 = Release|Any CPU
		{57C54AF6-67C6-4627-9210-C830373DD92D}.Ad-Hoc|ARM.ActiveCfg = Release|Any CPU
		{57C54AF6-67C6-4627-9210-C830373DD92D}.Ad-Hoc|ARM.Build.0 = Release|Any CPU
		{57C54AF6-67C6-4627-9210-C830373DD92D}.Ad-Hoc|ARM.Deploy.0 = Release|Any CPU
		{57C54AF6-67C6-4627-9210-C830373DD92D}.Ad-Hoc|iPhone.ActiveCfg = Release|Any CPU
		{57C54AF6-67C6-4627-9210-C830373DD92D}.Ad-Hoc|iPhone.Build.0 = Release|Any CPU
		{57C54AF6-67C6-4627-9210-C830373DD92D}.Ad-Hoc|iPhone.Deploy.0 = Release|Any CPU
		{57C54AF6-67C6-4627-9210-C830373DD92D}.Ad-Hoc|iPhoneSimulator.ActiveCfg = Release|Any CPU
		{57C54AF6-67C6-4627-9210-C830373DD92D}.Ad-Hoc|iPhoneSimulator.Build.0 = Release|Any CPU
		{57C54AF6-67C6-4627-9210-C830373DD92D}.Ad-Hoc|iPhoneSimulator.Deploy.0 = Release|Any CPU
		{57C54AF6-67C6-4627-9210-C830373DD92D}.Ad-Hoc|x64.ActiveCfg = Release|Any CPU
		{57C54AF6-67C6-4627-9210-C830373DD92D}.Ad-Hoc|x64.Build.0 = Release|Any CPU
		{57C54AF6-67C6-4627-9210-C830373DD92D}.Ad-Hoc|x64.Deploy.0 = Release|Any CPU
		{57C54AF6-67C6-4627-9210-C830373DD92D}.Ad-Hoc|x86.ActiveCfg = Release|Any CPU
		{57C54AF6-67C6-4627-9210-C830373DD92D}.Ad-Hoc|x86.Build.0 = Release|Any CPU
		{57C54AF6-67C6-4627-9210-C830373DD92D}.Ad-Hoc|x86.Deploy.0 = Release|Any CPU
		{57C54AF6-67C6-4627-9210-C830373DD92D}.AppStore|Any CPU.ActiveCfg = Release|Any CPU
		{57C54AF6-67C6-4627-9210-C830373DD92D}.AppStore|Any CPU.Build.0 = Release|Any CPU
		{57C54AF6-67C6-4627-9210-C830373DD92D}.AppStore|Any CPU.Deploy.0 = Release|Any CPU
		{57C54AF6-67C6-4627-9210-C830373DD92D}.AppStore|ARM.ActiveCfg = Release|Any CPU
		{57C54AF6-67C6-4627-9210-C830373DD92D}.AppStore|ARM.Build.0 = Release|Any CPU
		{57C54AF6-67C6-4627-9210-C830373DD92D}.AppStore|ARM.Deploy.0 = Release|Any CPU
		{57C54AF6-67C6-4627-9210-C830373DD92D}.AppStore|iPhone.ActiveCfg = Release|Any CPU
		{57C54AF6-67C6-4627-9210-C830373DD92D}.AppStore|iPhone.Build.0 = Release|Any CPU
		{57C54AF6-67C6-4627-9210-C830373DD92D}.AppStore|iPhone.Deploy.0 = Release|Any CPU
		{57C54AF6-67C6-4627-9210-C830373DD92D}.AppStore|iPhoneSimulator.ActiveCfg = Release|Any CPU
		{57C54AF6-67C6-4627-9210-C830373DD92D}.AppStore|iPhoneSimulator.Build.0 = Release|Any CPU
		{57C54AF6-67C6-4627-9210-C830373DD92D}.AppStore|iPhoneSimulator.Deploy.0 = Release|Any CPU
		{57C54AF6-67C6-4627-9210-C830373DD92D}.AppStore|x64.ActiveCfg = Release|Any CPU
		{57C54AF6-67C6-4627-9210-C830373DD92D}.AppStore|x64.Build.0 = Release|Any CPU
		{57C54AF6-67C6-4627-9210-C830373DD92D}.AppStore|x64.Deploy.0 = Release|Any CPU
		{57C54AF6-67C6-4627-9210-C830373DD92D}.AppStore|x86.ActiveCfg = Release|Any CPU
		{57C54AF6-67C6-4627-9210-C830373DD92D}.AppStore|x86.Build.0 = Release|Any CPU
		{57C54AF6-67C6-4627-9210-C830373DD92D}.AppStore|x86.Deploy.0 = Release|Any CPU
		{57C54AF6-67C6-4627-9210-C830373DD92D}.Debug|Any CPU.ActiveCfg = Debug|Any CPU
		{57C54AF6-67C6-4627-9210-C830373DD92D}.Debug|Any CPU.Build.0 = Debug|Any CPU
		{57C54AF6-67C6-4627-9210-C830373DD92D}.Debug|Any CPU.Deploy.0 = Debug|Any CPU
		{57C54AF6-67C6-4627-9210-C830373DD92D}.Debug|ARM.ActiveCfg = Debug|Any CPU
		{57C54AF6-67C6-4627-9210-C830373DD92D}.Debug|ARM.Build.0 = Debug|Any CPU
		{57C54AF6-67C6-4627-9210-C830373DD92D}.Debug|ARM.Deploy.0 = Debug|Any CPU
		{57C54AF6-67C6-4627-9210-C830373DD92D}.Debug|iPhone.ActiveCfg = Debug|Any CPU
		{57C54AF6-67C6-4627-9210-C830373DD92D}.Debug|iPhone.Build.0 = Debug|Any CPU
		{57C54AF6-67C6-4627-9210-C830373DD92D}.Debug|iPhone.Deploy.0 = Debug|Any CPU
		{57C54AF6-67C6-4627-9210-C830373DD92D}.Debug|iPhoneSimulator.ActiveCfg = Debug|Any CPU
		{57C54AF6-67C6-4627-9210-C830373DD92D}.Debug|iPhoneSimulator.Build.0 = Debug|Any CPU
		{57C54AF6-67C6-4627-9210-C830373DD92D}.Debug|iPhoneSimulator.Deploy.0 = Debug|Any CPU
		{57C54AF6-67C6-4627-9210-C830373DD92D}.Debug|x64.ActiveCfg = Debug|Any CPU
		{57C54AF6-67C6-4627-9210-C830373DD92D}.Debug|x64.Build.0 = Debug|Any CPU
		{57C54AF6-67C6-4627-9210-C830373DD92D}.Debug|x64.Deploy.0 = Debug|Any CPU
		{57C54AF6-67C6-4627-9210-C830373DD92D}.Debug|x86.ActiveCfg = Debug|Any CPU
		{57C54AF6-67C6-4627-9210-C830373DD92D}.Debug|x86.Build.0 = Debug|Any CPU
		{57C54AF6-67C6-4627-9210-C830373DD92D}.Debug|x86.Deploy.0 = Debug|Any CPU
		{57C54AF6-67C6-4627-9210-C830373DD92D}.Phone|Any CPU.ActiveCfg = Release|Any CPU
		{57C54AF6-67C6-4627-9210-C830373DD92D}.Phone|Any CPU.Build.0 = Release|Any CPU
		{57C54AF6-67C6-4627-9210-C830373DD92D}.Phone|Any CPU.Deploy.0 = Release|Any CPU
		{57C54AF6-67C6-4627-9210-C830373DD92D}.Phone|ARM.ActiveCfg = Release|Any CPU
		{57C54AF6-67C6-4627-9210-C830373DD92D}.Phone|ARM.Build.0 = Release|Any CPU
		{57C54AF6-67C6-4627-9210-C830373DD92D}.Phone|ARM.Deploy.0 = Release|Any CPU
		{57C54AF6-67C6-4627-9210-C830373DD92D}.Phone|iPhone.ActiveCfg = Release|Any CPU
		{57C54AF6-67C6-4627-9210-C830373DD92D}.Phone|iPhone.Build.0 = Release|Any CPU
		{57C54AF6-67C6-4627-9210-C830373DD92D}.Phone|iPhone.Deploy.0 = Release|Any CPU
		{57C54AF6-67C6-4627-9210-C830373DD92D}.Phone|iPhoneSimulator.ActiveCfg = Release|Any CPU
		{57C54AF6-67C6-4627-9210-C830373DD92D}.Phone|iPhoneSimulator.Build.0 = Release|Any CPU
		{57C54AF6-67C6-4627-9210-C830373DD92D}.Phone|iPhoneSimulator.Deploy.0 = Release|Any CPU
		{57C54AF6-67C6-4627-9210-C830373DD92D}.Phone|x64.ActiveCfg = Release|Any CPU
		{57C54AF6-67C6-4627-9210-C830373DD92D}.Phone|x64.Build.0 = Release|Any CPU
		{57C54AF6-67C6-4627-9210-C830373DD92D}.Phone|x64.Deploy.0 = Release|Any CPU
		{57C54AF6-67C6-4627-9210-C830373DD92D}.Phone|x86.ActiveCfg = Release|Any CPU
		{57C54AF6-67C6-4627-9210-C830373DD92D}.Phone|x86.Build.0 = Release|Any CPU
		{57C54AF6-67C6-4627-9210-C830373DD92D}.Phone|x86.Deploy.0 = Release|Any CPU
		{57C54AF6-67C6-4627-9210-C830373DD92D}.Release|Any CPU.ActiveCfg = Release|Any CPU
		{57C54AF6-67C6-4627-9210-C830373DD92D}.Release|Any CPU.Build.0 = Release|Any CPU
		{57C54AF6-67C6-4627-9210-C830373DD92D}.Release|Any CPU.Deploy.0 = Release|Any CPU
		{57C54AF6-67C6-4627-9210-C830373DD92D}.Release|ARM.ActiveCfg = Release|Any CPU
		{57C54AF6-67C6-4627-9210-C830373DD92D}.Release|ARM.Build.0 = Release|Any CPU
		{57C54AF6-67C6-4627-9210-C830373DD92D}.Release|ARM.Deploy.0 = Release|Any CPU
		{57C54AF6-67C6-4627-9210-C830373DD92D}.Release|iPhone.ActiveCfg = Release|Any CPU
		{57C54AF6-67C6-4627-9210-C830373DD92D}.Release|iPhone.Build.0 = Release|Any CPU
		{57C54AF6-67C6-4627-9210-C830373DD92D}.Release|iPhone.Deploy.0 = Release|Any CPU
		{57C54AF6-67C6-4627-9210-C830373DD92D}.Release|iPhoneSimulator.ActiveCfg = Release|Any CPU
		{57C54AF6-67C6-4627-9210-C830373DD92D}.Release|iPhoneSimulator.Build.0 = Release|Any CPU
		{57C54AF6-67C6-4627-9210-C830373DD92D}.Release|iPhoneSimulator.Deploy.0 = Release|Any CPU
		{57C54AF6-67C6-4627-9210-C830373DD92D}.Release|x64.ActiveCfg = Release|Any CPU
		{57C54AF6-67C6-4627-9210-C830373DD92D}.Release|x64.Build.0 = Release|Any CPU
		{57C54AF6-67C6-4627-9210-C830373DD92D}.Release|x64.Deploy.0 = Release|Any CPU
		{57C54AF6-67C6-4627-9210-C830373DD92D}.Release|x86.ActiveCfg = Release|Any CPU
		{57C54AF6-67C6-4627-9210-C830373DD92D}.Release|x86.Build.0 = Release|Any CPU
		{57C54AF6-67C6-4627-9210-C830373DD92D}.Release|x86.Deploy.0 = Release|Any CPU
		{3980D8AD-A144-4C26-B3EB-78C90380A0BB}.Ad-Hoc|Any CPU.ActiveCfg = Debug|Any CPU
		{3980D8AD-A144-4C26-B3EB-78C90380A0BB}.Ad-Hoc|Any CPU.Build.0 = Debug|Any CPU
		{3980D8AD-A144-4C26-B3EB-78C90380A0BB}.Ad-Hoc|ARM.ActiveCfg = Debug|Any CPU
		{3980D8AD-A144-4C26-B3EB-78C90380A0BB}.Ad-Hoc|ARM.Build.0 = Debug|Any CPU
		{3980D8AD-A144-4C26-B3EB-78C90380A0BB}.Ad-Hoc|iPhone.ActiveCfg = Debug|Any CPU
		{3980D8AD-A144-4C26-B3EB-78C90380A0BB}.Ad-Hoc|iPhone.Build.0 = Debug|Any CPU
		{3980D8AD-A144-4C26-B3EB-78C90380A0BB}.Ad-Hoc|iPhoneSimulator.ActiveCfg = Debug|Any CPU
		{3980D8AD-A144-4C26-B3EB-78C90380A0BB}.Ad-Hoc|iPhoneSimulator.Build.0 = Debug|Any CPU
		{3980D8AD-A144-4C26-B3EB-78C90380A0BB}.Ad-Hoc|x64.ActiveCfg = Debug|Any CPU
		{3980D8AD-A144-4C26-B3EB-78C90380A0BB}.Ad-Hoc|x64.Build.0 = Debug|Any CPU
		{3980D8AD-A144-4C26-B3EB-78C90380A0BB}.Ad-Hoc|x86.ActiveCfg = Debug|Any CPU
		{3980D8AD-A144-4C26-B3EB-78C90380A0BB}.Ad-Hoc|x86.Build.0 = Debug|Any CPU
		{3980D8AD-A144-4C26-B3EB-78C90380A0BB}.AppStore|Any CPU.ActiveCfg = Debug|Any CPU
		{3980D8AD-A144-4C26-B3EB-78C90380A0BB}.AppStore|Any CPU.Build.0 = Debug|Any CPU
		{3980D8AD-A144-4C26-B3EB-78C90380A0BB}.AppStore|ARM.ActiveCfg = Debug|Any CPU
		{3980D8AD-A144-4C26-B3EB-78C90380A0BB}.AppStore|ARM.Build.0 = Debug|Any CPU
		{3980D8AD-A144-4C26-B3EB-78C90380A0BB}.AppStore|iPhone.ActiveCfg = Debug|Any CPU
		{3980D8AD-A144-4C26-B3EB-78C90380A0BB}.AppStore|iPhone.Build.0 = Debug|Any CPU
		{3980D8AD-A144-4C26-B3EB-78C90380A0BB}.AppStore|iPhoneSimulator.ActiveCfg = Debug|Any CPU
		{3980D8AD-A144-4C26-B3EB-78C90380A0BB}.AppStore|iPhoneSimulator.Build.0 = Debug|Any CPU
		{3980D8AD-A144-4C26-B3EB-78C90380A0BB}.AppStore|x64.ActiveCfg = Debug|Any CPU
		{3980D8AD-A144-4C26-B3EB-78C90380A0BB}.AppStore|x64.Build.0 = Debug|Any CPU
		{3980D8AD-A144-4C26-B3EB-78C90380A0BB}.AppStore|x86.ActiveCfg = Debug|Any CPU
		{3980D8AD-A144-4C26-B3EB-78C90380A0BB}.AppStore|x86.Build.0 = Debug|Any CPU
		{3980D8AD-A144-4C26-B3EB-78C90380A0BB}.Debug|Any CPU.ActiveCfg = Debug|Any CPU
		{3980D8AD-A144-4C26-B3EB-78C90380A0BB}.Debug|Any CPU.Build.0 = Debug|Any CPU
		{3980D8AD-A144-4C26-B3EB-78C90380A0BB}.Debug|ARM.ActiveCfg = Debug|Any CPU
		{3980D8AD-A144-4C26-B3EB-78C90380A0BB}.Debug|ARM.Build.0 = Debug|Any CPU
		{3980D8AD-A144-4C26-B3EB-78C90380A0BB}.Debug|iPhone.ActiveCfg = Debug|Any CPU
		{3980D8AD-A144-4C26-B3EB-78C90380A0BB}.Debug|iPhone.Build.0 = Debug|Any CPU
		{3980D8AD-A144-4C26-B3EB-78C90380A0BB}.Debug|iPhoneSimulator.ActiveCfg = Debug|Any CPU
		{3980D8AD-A144-4C26-B3EB-78C90380A0BB}.Debug|iPhoneSimulator.Build.0 = Debug|Any CPU
		{3980D8AD-A144-4C26-B3EB-78C90380A0BB}.Debug|x64.ActiveCfg = Debug|Any CPU
		{3980D8AD-A144-4C26-B3EB-78C90380A0BB}.Debug|x64.Build.0 = Debug|Any CPU
		{3980D8AD-A144-4C26-B3EB-78C90380A0BB}.Debug|x86.ActiveCfg = Debug|Any CPU
		{3980D8AD-A144-4C26-B3EB-78C90380A0BB}.Debug|x86.Build.0 = Debug|Any CPU
		{3980D8AD-A144-4C26-B3EB-78C90380A0BB}.Phone|Any CPU.ActiveCfg = Debug|Any CPU
		{3980D8AD-A144-4C26-B3EB-78C90380A0BB}.Phone|Any CPU.Build.0 = Debug|Any CPU
		{3980D8AD-A144-4C26-B3EB-78C90380A0BB}.Phone|ARM.ActiveCfg = Debug|Any CPU
		{3980D8AD-A144-4C26-B3EB-78C90380A0BB}.Phone|ARM.Build.0 = Debug|Any CPU
		{3980D8AD-A144-4C26-B3EB-78C90380A0BB}.Phone|iPhone.ActiveCfg = Debug|Any CPU
		{3980D8AD-A144-4C26-B3EB-78C90380A0BB}.Phone|iPhone.Build.0 = Debug|Any CPU
		{3980D8AD-A144-4C26-B3EB-78C90380A0BB}.Phone|iPhoneSimulator.ActiveCfg = Debug|Any CPU
		{3980D8AD-A144-4C26-B3EB-78C90380A0BB}.Phone|iPhoneSimulator.Build.0 = Debug|Any CPU
		{3980D8AD-A144-4C26-B3EB-78C90380A0BB}.Phone|x64.ActiveCfg = Debug|Any CPU
		{3980D8AD-A144-4C26-B3EB-78C90380A0BB}.Phone|x64.Build.0 = Debug|Any CPU
		{3980D8AD-A144-4C26-B3EB-78C90380A0BB}.Phone|x86.ActiveCfg = Debug|Any CPU
		{3980D8AD-A144-4C26-B3EB-78C90380A0BB}.Phone|x86.Build.0 = Debug|Any CPU
		{3980D8AD-A144-4C26-B3EB-78C90380A0BB}.Release|Any CPU.ActiveCfg = Release|Any CPU
		{3980D8AD-A144-4C26-B3EB-78C90380A0BB}.Release|Any CPU.Build.0 = Release|Any CPU
		{3980D8AD-A144-4C26-B3EB-78C90380A0BB}.Release|ARM.ActiveCfg = Release|Any CPU
		{3980D8AD-A144-4C26-B3EB-78C90380A0BB}.Release|ARM.Build.0 = Release|Any CPU
		{3980D8AD-A144-4C26-B3EB-78C90380A0BB}.Release|iPhone.ActiveCfg = Release|Any CPU
		{3980D8AD-A144-4C26-B3EB-78C90380A0BB}.Release|iPhone.Build.0 = Release|Any CPU
		{3980D8AD-A144-4C26-B3EB-78C90380A0BB}.Release|iPhoneSimulator.ActiveCfg = Release|Any CPU
		{3980D8AD-A144-4C26-B3EB-78C90380A0BB}.Release|iPhoneSimulator.Build.0 = Release|Any CPU
		{3980D8AD-A144-4C26-B3EB-78C90380A0BB}.Release|x64.ActiveCfg = Release|Any CPU
		{3980D8AD-A144-4C26-B3EB-78C90380A0BB}.Release|x64.Build.0 = Release|Any CPU
		{3980D8AD-A144-4C26-B3EB-78C90380A0BB}.Release|x86.ActiveCfg = Release|Any CPU
		{3980D8AD-A144-4C26-B3EB-78C90380A0BB}.Release|x86.Build.0 = Release|Any CPU
		{AE15724C-99CD-4BFD-929C-9A90911B6890}.Ad-Hoc|Any CPU.ActiveCfg = Debug|Any CPU
		{AE15724C-99CD-4BFD-929C-9A90911B6890}.Ad-Hoc|Any CPU.Build.0 = Debug|Any CPU
		{AE15724C-99CD-4BFD-929C-9A90911B6890}.Ad-Hoc|ARM.ActiveCfg = Debug|Any CPU
		{AE15724C-99CD-4BFD-929C-9A90911B6890}.Ad-Hoc|ARM.Build.0 = Debug|Any CPU
		{AE15724C-99CD-4BFD-929C-9A90911B6890}.Ad-Hoc|iPhone.ActiveCfg = Debug|Any CPU
		{AE15724C-99CD-4BFD-929C-9A90911B6890}.Ad-Hoc|iPhone.Build.0 = Debug|Any CPU
		{AE15724C-99CD-4BFD-929C-9A90911B6890}.Ad-Hoc|iPhoneSimulator.ActiveCfg = Debug|Any CPU
		{AE15724C-99CD-4BFD-929C-9A90911B6890}.Ad-Hoc|iPhoneSimulator.Build.0 = Debug|Any CPU
		{AE15724C-99CD-4BFD-929C-9A90911B6890}.Ad-Hoc|x64.ActiveCfg = Debug|Any CPU
		{AE15724C-99CD-4BFD-929C-9A90911B6890}.Ad-Hoc|x64.Build.0 = Debug|Any CPU
		{AE15724C-99CD-4BFD-929C-9A90911B6890}.Ad-Hoc|x86.ActiveCfg = Debug|Any CPU
		{AE15724C-99CD-4BFD-929C-9A90911B6890}.Ad-Hoc|x86.Build.0 = Debug|Any CPU
		{AE15724C-99CD-4BFD-929C-9A90911B6890}.AppStore|Any CPU.ActiveCfg = Debug|Any CPU
		{AE15724C-99CD-4BFD-929C-9A90911B6890}.AppStore|Any CPU.Build.0 = Debug|Any CPU
		{AE15724C-99CD-4BFD-929C-9A90911B6890}.AppStore|ARM.ActiveCfg = Debug|Any CPU
		{AE15724C-99CD-4BFD-929C-9A90911B6890}.AppStore|ARM.Build.0 = Debug|Any CPU
		{AE15724C-99CD-4BFD-929C-9A90911B6890}.AppStore|iPhone.ActiveCfg = Debug|Any CPU
		{AE15724C-99CD-4BFD-929C-9A90911B6890}.AppStore|iPhone.Build.0 = Debug|Any CPU
		{AE15724C-99CD-4BFD-929C-9A90911B6890}.AppStore|iPhoneSimulator.ActiveCfg = Debug|Any CPU
		{AE15724C-99CD-4BFD-929C-9A90911B6890}.AppStore|iPhoneSimulator.Build.0 = Debug|Any CPU
		{AE15724C-99CD-4BFD-929C-9A90911B6890}.AppStore|x64.ActiveCfg = Debug|Any CPU
		{AE15724C-99CD-4BFD-929C-9A90911B6890}.AppStore|x64.Build.0 = Debug|Any CPU
		{AE15724C-99CD-4BFD-929C-9A90911B6890}.AppStore|x86.ActiveCfg = Debug|Any CPU
		{AE15724C-99CD-4BFD-929C-9A90911B6890}.AppStore|x86.Build.0 = Debug|Any CPU
		{AE15724C-99CD-4BFD-929C-9A90911B6890}.Debug|Any CPU.ActiveCfg = Debug|Any CPU
		{AE15724C-99CD-4BFD-929C-9A90911B6890}.Debug|Any CPU.Build.0 = Debug|Any CPU
		{AE15724C-99CD-4BFD-929C-9A90911B6890}.Debug|ARM.ActiveCfg = Debug|Any CPU
		{AE15724C-99CD-4BFD-929C-9A90911B6890}.Debug|ARM.Build.0 = Debug|Any CPU
		{AE15724C-99CD-4BFD-929C-9A90911B6890}.Debug|iPhone.ActiveCfg = Debug|Any CPU
		{AE15724C-99CD-4BFD-929C-9A90911B6890}.Debug|iPhone.Build.0 = Debug|Any CPU
		{AE15724C-99CD-4BFD-929C-9A90911B6890}.Debug|iPhoneSimulator.ActiveCfg = Debug|Any CPU
		{AE15724C-99CD-4BFD-929C-9A90911B6890}.Debug|iPhoneSimulator.Build.0 = Debug|Any CPU
		{AE15724C-99CD-4BFD-929C-9A90911B6890}.Debug|x64.ActiveCfg = Debug|Any CPU
		{AE15724C-99CD-4BFD-929C-9A90911B6890}.Debug|x64.Build.0 = Debug|Any CPU
		{AE15724C-99CD-4BFD-929C-9A90911B6890}.Debug|x86.ActiveCfg = Debug|Any CPU
		{AE15724C-99CD-4BFD-929C-9A90911B6890}.Debug|x86.Build.0 = Debug|Any CPU
		{AE15724C-99CD-4BFD-929C-9A90911B6890}.Phone|Any CPU.ActiveCfg = Debug|Any CPU
		{AE15724C-99CD-4BFD-929C-9A90911B6890}.Phone|Any CPU.Build.0 = Debug|Any CPU
		{AE15724C-99CD-4BFD-929C-9A90911B6890}.Phone|ARM.ActiveCfg = Debug|Any CPU
		{AE15724C-99CD-4BFD-929C-9A90911B6890}.Phone|ARM.Build.0 = Debug|Any CPU
		{AE15724C-99CD-4BFD-929C-9A90911B6890}.Phone|iPhone.ActiveCfg = Debug|Any CPU
		{AE15724C-99CD-4BFD-929C-9A90911B6890}.Phone|iPhone.Build.0 = Debug|Any CPU
		{AE15724C-99CD-4BFD-929C-9A90911B6890}.Phone|iPhoneSimulator.ActiveCfg = Debug|Any CPU
		{AE15724C-99CD-4BFD-929C-9A90911B6890}.Phone|iPhoneSimulator.Build.0 = Debug|Any CPU
		{AE15724C-99CD-4BFD-929C-9A90911B6890}.Phone|x64.ActiveCfg = Debug|Any CPU
		{AE15724C-99CD-4BFD-929C-9A90911B6890}.Phone|x64.Build.0 = Debug|Any CPU
		{AE15724C-99CD-4BFD-929C-9A90911B6890}.Phone|x86.ActiveCfg = Debug|Any CPU
		{AE15724C-99CD-4BFD-929C-9A90911B6890}.Phone|x86.Build.0 = Debug|Any CPU
		{AE15724C-99CD-4BFD-929C-9A90911B6890}.Release|Any CPU.ActiveCfg = Release|Any CPU
		{AE15724C-99CD-4BFD-929C-9A90911B6890}.Release|Any CPU.Build.0 = Release|Any CPU
		{AE15724C-99CD-4BFD-929C-9A90911B6890}.Release|ARM.ActiveCfg = Release|Any CPU
		{AE15724C-99CD-4BFD-929C-9A90911B6890}.Release|ARM.Build.0 = Release|Any CPU
		{AE15724C-99CD-4BFD-929C-9A90911B6890}.Release|iPhone.ActiveCfg = Release|Any CPU
		{AE15724C-99CD-4BFD-929C-9A90911B6890}.Release|iPhone.Build.0 = Release|Any CPU
		{AE15724C-99CD-4BFD-929C-9A90911B6890}.Release|iPhoneSimulator.ActiveCfg = Release|Any CPU
		{AE15724C-99CD-4BFD-929C-9A90911B6890}.Release|iPhoneSimulator.Build.0 = Release|Any CPU
		{AE15724C-99CD-4BFD-929C-9A90911B6890}.Release|x64.ActiveCfg = Release|Any CPU
		{AE15724C-99CD-4BFD-929C-9A90911B6890}.Release|x64.Build.0 = Release|Any CPU
		{AE15724C-99CD-4BFD-929C-9A90911B6890}.Release|x86.ActiveCfg = Release|Any CPU
		{AE15724C-99CD-4BFD-929C-9A90911B6890}.Release|x86.Build.0 = Release|Any CPU
		{530A0AD7-87FF-42AD-ABC2-0024024B7ABC}.Ad-Hoc|Any CPU.ActiveCfg = Debug|Any CPU
		{530A0AD7-87FF-42AD-ABC2-0024024B7ABC}.Ad-Hoc|Any CPU.Build.0 = Debug|Any CPU
		{530A0AD7-87FF-42AD-ABC2-0024024B7ABC}.Ad-Hoc|ARM.ActiveCfg = Debug|Any CPU
		{530A0AD7-87FF-42AD-ABC2-0024024B7ABC}.Ad-Hoc|ARM.Build.0 = Debug|Any CPU
		{530A0AD7-87FF-42AD-ABC2-0024024B7ABC}.Ad-Hoc|iPhone.ActiveCfg = Debug|Any CPU
		{530A0AD7-87FF-42AD-ABC2-0024024B7ABC}.Ad-Hoc|iPhone.Build.0 = Debug|Any CPU
		{530A0AD7-87FF-42AD-ABC2-0024024B7ABC}.Ad-Hoc|iPhoneSimulator.ActiveCfg = Debug|Any CPU
		{530A0AD7-87FF-42AD-ABC2-0024024B7ABC}.Ad-Hoc|iPhoneSimulator.Build.0 = Debug|Any CPU
		{530A0AD7-87FF-42AD-ABC2-0024024B7ABC}.Ad-Hoc|x64.ActiveCfg = Debug|Any CPU
		{530A0AD7-87FF-42AD-ABC2-0024024B7ABC}.Ad-Hoc|x64.Build.0 = Debug|Any CPU
		{530A0AD7-87FF-42AD-ABC2-0024024B7ABC}.Ad-Hoc|x86.ActiveCfg = Debug|Any CPU
		{530A0AD7-87FF-42AD-ABC2-0024024B7ABC}.Ad-Hoc|x86.Build.0 = Debug|Any CPU
		{530A0AD7-87FF-42AD-ABC2-0024024B7ABC}.AppStore|Any CPU.ActiveCfg = Debug|Any CPU
		{530A0AD7-87FF-42AD-ABC2-0024024B7ABC}.AppStore|Any CPU.Build.0 = Debug|Any CPU
		{530A0AD7-87FF-42AD-ABC2-0024024B7ABC}.AppStore|ARM.ActiveCfg = Debug|Any CPU
		{530A0AD7-87FF-42AD-ABC2-0024024B7ABC}.AppStore|ARM.Build.0 = Debug|Any CPU
		{530A0AD7-87FF-42AD-ABC2-0024024B7ABC}.AppStore|iPhone.ActiveCfg = Debug|Any CPU
		{530A0AD7-87FF-42AD-ABC2-0024024B7ABC}.AppStore|iPhone.Build.0 = Debug|Any CPU
		{530A0AD7-87FF-42AD-ABC2-0024024B7ABC}.AppStore|iPhoneSimulator.ActiveCfg = Debug|Any CPU
		{530A0AD7-87FF-42AD-ABC2-0024024B7ABC}.AppStore|iPhoneSimulator.Build.0 = Debug|Any CPU
		{530A0AD7-87FF-42AD-ABC2-0024024B7ABC}.AppStore|x64.ActiveCfg = Debug|Any CPU
		{530A0AD7-87FF-42AD-ABC2-0024024B7ABC}.AppStore|x64.Build.0 = Debug|Any CPU
		{530A0AD7-87FF-42AD-ABC2-0024024B7ABC}.AppStore|x86.ActiveCfg = Debug|Any CPU
		{530A0AD7-87FF-42AD-ABC2-0024024B7ABC}.AppStore|x86.Build.0 = Debug|Any CPU
		{530A0AD7-87FF-42AD-ABC2-0024024B7ABC}.Debug|Any CPU.ActiveCfg = Debug|Any CPU
		{530A0AD7-87FF-42AD-ABC2-0024024B7ABC}.Debug|Any CPU.Build.0 = Debug|Any CPU
		{530A0AD7-87FF-42AD-ABC2-0024024B7ABC}.Debug|ARM.ActiveCfg = Debug|Any CPU
		{530A0AD7-87FF-42AD-ABC2-0024024B7ABC}.Debug|ARM.Build.0 = Debug|Any CPU
		{530A0AD7-87FF-42AD-ABC2-0024024B7ABC}.Debug|iPhone.ActiveCfg = Debug|Any CPU
		{530A0AD7-87FF-42AD-ABC2-0024024B7ABC}.Debug|iPhone.Build.0 = Debug|Any CPU
		{530A0AD7-87FF-42AD-ABC2-0024024B7ABC}.Debug|iPhoneSimulator.ActiveCfg = Debug|Any CPU
		{530A0AD7-87FF-42AD-ABC2-0024024B7ABC}.Debug|iPhoneSimulator.Build.0 = Debug|Any CPU
		{530A0AD7-87FF-42AD-ABC2-0024024B7ABC}.Debug|x64.ActiveCfg = Debug|Any CPU
		{530A0AD7-87FF-42AD-ABC2-0024024B7ABC}.Debug|x64.Build.0 = Debug|Any CPU
		{530A0AD7-87FF-42AD-ABC2-0024024B7ABC}.Debug|x86.ActiveCfg = Debug|Any CPU
		{530A0AD7-87FF-42AD-ABC2-0024024B7ABC}.Debug|x86.Build.0 = Debug|Any CPU
		{530A0AD7-87FF-42AD-ABC2-0024024B7ABC}.Phone|Any CPU.ActiveCfg = Debug|Any CPU
		{530A0AD7-87FF-42AD-ABC2-0024024B7ABC}.Phone|Any CPU.Build.0 = Debug|Any CPU
		{530A0AD7-87FF-42AD-ABC2-0024024B7ABC}.Phone|ARM.ActiveCfg = Debug|Any CPU
		{530A0AD7-87FF-42AD-ABC2-0024024B7ABC}.Phone|ARM.Build.0 = Debug|Any CPU
		{530A0AD7-87FF-42AD-ABC2-0024024B7ABC}.Phone|iPhone.ActiveCfg = Debug|Any CPU
		{530A0AD7-87FF-42AD-ABC2-0024024B7ABC}.Phone|iPhone.Build.0 = Debug|Any CPU
		{530A0AD7-87FF-42AD-ABC2-0024024B7ABC}.Phone|iPhoneSimulator.ActiveCfg = Debug|Any CPU
		{530A0AD7-87FF-42AD-ABC2-0024024B7ABC}.Phone|iPhoneSimulator.Build.0 = Debug|Any CPU
		{530A0AD7-87FF-42AD-ABC2-0024024B7ABC}.Phone|x64.ActiveCfg = Debug|Any CPU
		{530A0AD7-87FF-42AD-ABC2-0024024B7ABC}.Phone|x64.Build.0 = Debug|Any CPU
		{530A0AD7-87FF-42AD-ABC2-0024024B7ABC}.Phone|x86.ActiveCfg = Debug|Any CPU
		{530A0AD7-87FF-42AD-ABC2-0024024B7ABC}.Phone|x86.Build.0 = Debug|Any CPU
		{530A0AD7-87FF-42AD-ABC2-0024024B7ABC}.Release|Any CPU.ActiveCfg = Release|Any CPU
		{530A0AD7-87FF-42AD-ABC2-0024024B7ABC}.Release|Any CPU.Build.0 = Release|Any CPU
		{530A0AD7-87FF-42AD-ABC2-0024024B7ABC}.Release|ARM.ActiveCfg = Release|Any CPU
		{530A0AD7-87FF-42AD-ABC2-0024024B7ABC}.Release|ARM.Build.0 = Release|Any CPU
		{530A0AD7-87FF-42AD-ABC2-0024024B7ABC}.Release|iPhone.ActiveCfg = Release|Any CPU
		{530A0AD7-87FF-42AD-ABC2-0024024B7ABC}.Release|iPhone.Build.0 = Release|Any CPU
		{530A0AD7-87FF-42AD-ABC2-0024024B7ABC}.Release|iPhoneSimulator.ActiveCfg = Release|Any CPU
		{530A0AD7-87FF-42AD-ABC2-0024024B7ABC}.Release|iPhoneSimulator.Build.0 = Release|Any CPU
		{530A0AD7-87FF-42AD-ABC2-0024024B7ABC}.Release|x64.ActiveCfg = Release|Any CPU
		{530A0AD7-87FF-42AD-ABC2-0024024B7ABC}.Release|x64.Build.0 = Release|Any CPU
		{530A0AD7-87FF-42AD-ABC2-0024024B7ABC}.Release|x86.ActiveCfg = Release|Any CPU
		{530A0AD7-87FF-42AD-ABC2-0024024B7ABC}.Release|x86.Build.0 = Release|Any CPU
		{BD3FD272-2C32-444D-B7EB-3BA9BFDA68F7}.Ad-Hoc|Any CPU.ActiveCfg = Debug|Any CPU
		{BD3FD272-2C32-444D-B7EB-3BA9BFDA68F7}.Ad-Hoc|Any CPU.Build.0 = Debug|Any CPU
		{BD3FD272-2C32-444D-B7EB-3BA9BFDA68F7}.Ad-Hoc|ARM.ActiveCfg = Debug|Any CPU
		{BD3FD272-2C32-444D-B7EB-3BA9BFDA68F7}.Ad-Hoc|ARM.Build.0 = Debug|Any CPU
		{BD3FD272-2C32-444D-B7EB-3BA9BFDA68F7}.Ad-Hoc|iPhone.ActiveCfg = Debug|Any CPU
		{BD3FD272-2C32-444D-B7EB-3BA9BFDA68F7}.Ad-Hoc|iPhone.Build.0 = Debug|Any CPU
		{BD3FD272-2C32-444D-B7EB-3BA9BFDA68F7}.Ad-Hoc|iPhoneSimulator.ActiveCfg = Debug|Any CPU
		{BD3FD272-2C32-444D-B7EB-3BA9BFDA68F7}.Ad-Hoc|iPhoneSimulator.Build.0 = Debug|Any CPU
		{BD3FD272-2C32-444D-B7EB-3BA9BFDA68F7}.Ad-Hoc|x64.ActiveCfg = Debug|Any CPU
		{BD3FD272-2C32-444D-B7EB-3BA9BFDA68F7}.Ad-Hoc|x64.Build.0 = Debug|Any CPU
		{BD3FD272-2C32-444D-B7EB-3BA9BFDA68F7}.Ad-Hoc|x86.ActiveCfg = Debug|Any CPU
		{BD3FD272-2C32-444D-B7EB-3BA9BFDA68F7}.Ad-Hoc|x86.Build.0 = Debug|Any CPU
		{BD3FD272-2C32-444D-B7EB-3BA9BFDA68F7}.AppStore|Any CPU.ActiveCfg = Debug|Any CPU
		{BD3FD272-2C32-444D-B7EB-3BA9BFDA68F7}.AppStore|Any CPU.Build.0 = Debug|Any CPU
		{BD3FD272-2C32-444D-B7EB-3BA9BFDA68F7}.AppStore|ARM.ActiveCfg = Debug|Any CPU
		{BD3FD272-2C32-444D-B7EB-3BA9BFDA68F7}.AppStore|ARM.Build.0 = Debug|Any CPU
		{BD3FD272-2C32-444D-B7EB-3BA9BFDA68F7}.AppStore|iPhone.ActiveCfg = Debug|Any CPU
		{BD3FD272-2C32-444D-B7EB-3BA9BFDA68F7}.AppStore|iPhone.Build.0 = Debug|Any CPU
		{BD3FD272-2C32-444D-B7EB-3BA9BFDA68F7}.AppStore|iPhoneSimulator.ActiveCfg = Debug|Any CPU
		{BD3FD272-2C32-444D-B7EB-3BA9BFDA68F7}.AppStore|iPhoneSimulator.Build.0 = Debug|Any CPU
		{BD3FD272-2C32-444D-B7EB-3BA9BFDA68F7}.AppStore|x64.ActiveCfg = Debug|Any CPU
		{BD3FD272-2C32-444D-B7EB-3BA9BFDA68F7}.AppStore|x64.Build.0 = Debug|Any CPU
		{BD3FD272-2C32-444D-B7EB-3BA9BFDA68F7}.AppStore|x86.ActiveCfg = Debug|Any CPU
		{BD3FD272-2C32-444D-B7EB-3BA9BFDA68F7}.AppStore|x86.Build.0 = Debug|Any CPU
		{BD3FD272-2C32-444D-B7EB-3BA9BFDA68F7}.Debug|Any CPU.ActiveCfg = Debug|Any CPU
		{BD3FD272-2C32-444D-B7EB-3BA9BFDA68F7}.Debug|Any CPU.Build.0 = Debug|Any CPU
		{BD3FD272-2C32-444D-B7EB-3BA9BFDA68F7}.Debug|ARM.ActiveCfg = Debug|Any CPU
		{BD3FD272-2C32-444D-B7EB-3BA9BFDA68F7}.Debug|ARM.Build.0 = Debug|Any CPU
		{BD3FD272-2C32-444D-B7EB-3BA9BFDA68F7}.Debug|iPhone.ActiveCfg = Debug|Any CPU
		{BD3FD272-2C32-444D-B7EB-3BA9BFDA68F7}.Debug|iPhone.Build.0 = Debug|Any CPU
		{BD3FD272-2C32-444D-B7EB-3BA9BFDA68F7}.Debug|iPhoneSimulator.ActiveCfg = Debug|Any CPU
		{BD3FD272-2C32-444D-B7EB-3BA9BFDA68F7}.Debug|iPhoneSimulator.Build.0 = Debug|Any CPU
		{BD3FD272-2C32-444D-B7EB-3BA9BFDA68F7}.Debug|x64.ActiveCfg = Debug|Any CPU
		{BD3FD272-2C32-444D-B7EB-3BA9BFDA68F7}.Debug|x64.Build.0 = Debug|Any CPU
		{BD3FD272-2C32-444D-B7EB-3BA9BFDA68F7}.Debug|x86.ActiveCfg = Debug|Any CPU
		{BD3FD272-2C32-444D-B7EB-3BA9BFDA68F7}.Debug|x86.Build.0 = Debug|Any CPU
		{BD3FD272-2C32-444D-B7EB-3BA9BFDA68F7}.Phone|Any CPU.ActiveCfg = Debug|Any CPU
		{BD3FD272-2C32-444D-B7EB-3BA9BFDA68F7}.Phone|Any CPU.Build.0 = Debug|Any CPU
		{BD3FD272-2C32-444D-B7EB-3BA9BFDA68F7}.Phone|ARM.ActiveCfg = Debug|Any CPU
		{BD3FD272-2C32-444D-B7EB-3BA9BFDA68F7}.Phone|ARM.Build.0 = Debug|Any CPU
		{BD3FD272-2C32-444D-B7EB-3BA9BFDA68F7}.Phone|iPhone.ActiveCfg = Debug|Any CPU
		{BD3FD272-2C32-444D-B7EB-3BA9BFDA68F7}.Phone|iPhone.Build.0 = Debug|Any CPU
		{BD3FD272-2C32-444D-B7EB-3BA9BFDA68F7}.Phone|iPhoneSimulator.ActiveCfg = Debug|Any CPU
		{BD3FD272-2C32-444D-B7EB-3BA9BFDA68F7}.Phone|iPhoneSimulator.Build.0 = Debug|Any CPU
		{BD3FD272-2C32-444D-B7EB-3BA9BFDA68F7}.Phone|x64.ActiveCfg = Debug|Any CPU
		{BD3FD272-2C32-444D-B7EB-3BA9BFDA68F7}.Phone|x64.Build.0 = Debug|Any CPU
		{BD3FD272-2C32-444D-B7EB-3BA9BFDA68F7}.Phone|x86.ActiveCfg = Debug|Any CPU
		{BD3FD272-2C32-444D-B7EB-3BA9BFDA68F7}.Phone|x86.Build.0 = Debug|Any CPU
		{BD3FD272-2C32-444D-B7EB-3BA9BFDA68F7}.Release|Any CPU.ActiveCfg = Release|Any CPU
		{BD3FD272-2C32-444D-B7EB-3BA9BFDA68F7}.Release|Any CPU.Build.0 = Release|Any CPU
		{BD3FD272-2C32-444D-B7EB-3BA9BFDA68F7}.Release|ARM.ActiveCfg = Release|Any CPU
		{BD3FD272-2C32-444D-B7EB-3BA9BFDA68F7}.Release|ARM.Build.0 = Release|Any CPU
		{BD3FD272-2C32-444D-B7EB-3BA9BFDA68F7}.Release|iPhone.ActiveCfg = Release|Any CPU
		{BD3FD272-2C32-444D-B7EB-3BA9BFDA68F7}.Release|iPhone.Build.0 = Release|Any CPU
		{BD3FD272-2C32-444D-B7EB-3BA9BFDA68F7}.Release|iPhoneSimulator.ActiveCfg = Release|Any CPU
		{BD3FD272-2C32-444D-B7EB-3BA9BFDA68F7}.Release|iPhoneSimulator.Build.0 = Release|Any CPU
		{BD3FD272-2C32-444D-B7EB-3BA9BFDA68F7}.Release|x64.ActiveCfg = Release|Any CPU
		{BD3FD272-2C32-444D-B7EB-3BA9BFDA68F7}.Release|x64.Build.0 = Release|Any CPU
		{BD3FD272-2C32-444D-B7EB-3BA9BFDA68F7}.Release|x86.ActiveCfg = Release|Any CPU
		{BD3FD272-2C32-444D-B7EB-3BA9BFDA68F7}.Release|x86.Build.0 = Release|Any CPU
	EndGlobalSection
	GlobalSection(SolutionProperties) = preSolution
		HideSolutionNode = FALSE
	EndGlobalSection
	GlobalSection(ExtensibilityGlobals) = postSolution
		SolutionGuid = {54CD4075-BD01-45A3-BA19-256B632044C2}
	EndGlobalSection
EndGlobal
